
Microsoft Visual Studio Solution File, Format Version 12.00
# Visual Studio Version 16
VisualStudioVersion = 16.0.29230.47
MinimumVisualStudioVersion = 10.0.40219.1
Project("{FAE04EC0-301F-11D3-BF4B-00C04F79EFBC}") = "ArraysAndLists", "ArraysAndLists\ArraysAndLists.csproj", "{420435FC-8D5D-4950-A3AE-9A57760FEECA}"
EndProject
Project("{FAE04EC0-301F-11D3-BF4B-00C04F79EFBC}") = "StackAndQueue", "StackAndQueue\StackAndQueue.csproj", "{2F8489C1-5B97-4F98-9DD1-49D9BD0F84FD}"
EndProject
Project("{FAE04EC0-301F-11D3-BF4B-00C04F79EFBC}") = "Dictionary", "Dictionary\Dictionary.csproj", "{FF30AAD4-7D69-46A4-9904-D69AE9DF840F}"
EndProject
Project("{FAE04EC0-301F-11D3-BF4B-00C04F79EFBC}") = "LinkedList", "LinkedList\LinkedList.csproj", "{BD60FA5C-1AF4-4303-B327-50889408D822}"
EndProject
Global
	GlobalSection(SolutionConfigurationPlatforms) = preSolution
		Debug|Any CPU = Debug|Any CPU
		Release|Any CPU = Release|Any CPU
	EndGlobalSection
	GlobalSection(ProjectConfigurationPlatforms) = postSolution
		{420435FC-8D5D-4950-A3AE-9A57760FEECA}.Debug|Any CPU.ActiveCfg = Debug|Any CPU
		{420435FC-8D5D-4950-A3AE-9A57760FEECA}.Debug|Any CPU.Build.0 = Debug|Any CPU
		{420435FC-8D5D-4950-A3AE-9A57760FEECA}.Release|Any CPU.ActiveCfg = Release|Any CPU
		{420435FC-8D5D-4950-A3AE-9A57760FEECA}.Release|Any CPU.Build.0 = Release|Any CPU
		{2F8489C1-5B97-4F98-9DD1-49D9BD0F84FD}.Debug|Any CPU.ActiveCfg = Debug|Any CPU
		{2F8489C1-5B97-4F98-9DD1-49D9BD0F84FD}.Debug|Any CPU.Build.0 = Debug|Any CPU
		{2F8489C1-5B97-4F98-9DD1-49D9BD0F84FD}.Release|Any CPU.ActiveCfg = Release|Any CPU
		{2F8489C1-5B97-4F98-9DD1-49D9BD0F84FD}.Release|Any CPU.Build.0 = Release|Any CPU
		{FF30AAD4-7D69-46A4-9904-D69AE9DF840F}.Debug|Any CPU.ActiveCfg = Debug|Any CPU
		{FF30AAD4-7D69-46A4-9904-D69AE9DF840F}.Debug|Any CPU.Build.0 = Debug|Any CPU
		{FF30AAD4-7D69-46A4-9904-D69AE9DF840F}.Release|Any CPU.ActiveCfg = Release|Any CPU
		{FF30AAD4-7D69-46A4-9904-D69AE9DF840F}.Release|Any CPU.Build.0 = Release|Any CPU
		{BD60FA5C-1AF4-4303-B327-50889408D822}.Debug|Any CPU.ActiveCfg = Debug|Any CPU
		{BD60FA5C-1AF4-4303-B327-50889408D822}.Debug|Any CPU.Build.0 = Debug|Any CPU
		{BD60FA5C-1AF4-4303-B327-50889408D822}.Release|Any CPU.ActiveCfg = Release|Any CPU
		{BD60FA5C-1AF4-4303-B327-50889408D822}.Release|Any CPU.Build.0 = Release|Any CPU
	EndGlobalSection
	GlobalSection(SolutionProperties) = preSolution
		HideSolutionNode = FALSE
	EndGlobalSection
	GlobalSection(ExtensibilityGlobals) = postSolution
		SolutionGuid = {984D30C0-44D2-4AA4-8651-AD8F596BC734}
	EndGlobalSection
EndGlobal
